
Microsoft Visual Studio Solution File, Format Version 12.00
# Visual Studio Version 17
VisualStudioVersion = 17.9.34701.34
MinimumVisualStudioVersion = 10.0.40219.1
Project("{FAE04EC0-301F-11D3-BF4B-00C04F79EFBC}") = "FIVE_PROBLEMS", "FIVE_PROBLEMS.csproj", "{1AB76956-DBE9-4485-B885-09772E8C2B38}"
EndProject
Global
	GlobalSection(SolutionConfigurationPlatforms) = preSolution
		Debug|Any CPU = Debug|Any CPU
		Release|Any CPU = Release|Any CPU
	EndGlobalSection
	GlobalSection(ProjectConfigurationPlatforms) = postSolution
		{1AB76956-DBE9-4485-B885-09772E8C2B38}.Debug|Any CPU.ActiveCfg = Debug|Any CPU
		{1AB76956-DBE9-4485-B885-09772E8C2B38}.Debug|Any CPU.Build.0 = Debug|Any CPU
		{1AB76956-DBE9-4485-B885-09772E8C2B38}.Release|Any CPU.ActiveCfg = Release|Any CPU
		{1AB76956-DBE9-4485-B885-09772E8C2B38}.Release|Any CPU.Build.0 = Release|Any CPU
	EndGlobalSection
	GlobalSection(SolutionProperties) = preSolution
		HideSolutionNode = FALSE
	EndGlobalSection
	GlobalSection(ExtensibilityGlobals) = postSolution
		SolutionGuid = {022D02AA-2D67-4C17-8113-1C353CBC3583}
	EndGlobalSection
EndGlobal
