
Microsoft Visual Studio Solution File, Format Version 12.00
# Visual Studio Version 17
VisualStudioVersion = 17.9.34714.143
MinimumVisualStudioVersion = 10.0.40219.1
Project("{FAE04EC0-301F-11D3-BF4B-00C04F79EFBC}") = "CalculatorForm", "CalculatorForm.csproj", "{2DC65673-DF7A-4ED2-B1DE-0BBBEDEFC82C}"
EndProject
Global
	GlobalSection(SolutionConfigurationPlatforms) = preSolution
		Debug|Any CPU = Debug|Any CPU
		Release|Any CPU = Release|Any CPU
	EndGlobalSection
	GlobalSection(ProjectConfigurationPlatforms) = postSolution
		{2DC65673-DF7A-4ED2-B1DE-0BBBEDEFC82C}.Debug|Any CPU.ActiveCfg = Debug|Any CPU
		{2DC65673-DF7A-4ED2-B1DE-0BBBEDEFC82C}.Debug|Any CPU.Build.0 = Debug|Any CPU
		{2DC65673-DF7A-4ED2-B1DE-0BBBEDEFC82C}.Release|Any CPU.ActiveCfg = Release|Any CPU
		{2DC65673-DF7A-4ED2-B1DE-0BBBEDEFC82C}.Release|Any CPU.Build.0 = Release|Any CPU
	EndGlobalSection
	GlobalSection(SolutionProperties) = preSolution
		HideSolutionNode = FALSE
	EndGlobalSection
	GlobalSection(ExtensibilityGlobals) = postSolution
		SolutionGuid = {7B8A8E4E-ECFA-4F2B-A7EB-6AA8C12FFA8C}
	EndGlobalSection
EndGlobal
