
Microsoft Visual Studio Solution File, Format Version 12.00
# Visual Studio Version 17
VisualStudioVersion = 17.9.34701.34
MinimumVisualStudioVersion = 10.0.40219.1
Project("{FAE04EC0-301F-11D3-BF4B-00C04F79EFBC}") = "Login_Project", "Login_Project.csproj", "{6C9A906F-893B-4882-96D4-E7166FE503F7}"
EndProject
Global
	GlobalSection(SolutionConfigurationPlatforms) = preSolution
		Debug|Any CPU = Debug|Any CPU
		Release|Any CPU = Release|Any CPU
	EndGlobalSection
	GlobalSection(ProjectConfigurationPlatforms) = postSolution
		{6C9A906F-893B-4882-96D4-E7166FE503F7}.Debug|Any CPU.ActiveCfg = Debug|Any CPU
		{6C9A906F-893B-4882-96D4-E7166FE503F7}.Debug|Any CPU.Build.0 = Debug|Any CPU
		{6C9A906F-893B-4882-96D4-E7166FE503F7}.Release|Any CPU.ActiveCfg = Release|Any CPU
		{6C9A906F-893B-4882-96D4-E7166FE503F7}.Release|Any CPU.Build.0 = Release|Any CPU
	EndGlobalSection
	GlobalSection(SolutionProperties) = preSolution
		HideSolutionNode = FALSE
	EndGlobalSection
	GlobalSection(ExtensibilityGlobals) = postSolution
		SolutionGuid = {2D7F19DF-33A1-408B-AE13-ACAEBDFBAD77}
	EndGlobalSection
EndGlobal
